// !$*UTF8*$!
{
	archiveVersion = 1;
	classes = {
	};
	objectVersion = 50;
	objects = {

/* Begin PBXBuildFile section */
		00F51AD42407B3F70082A0C7 /* AppDelegate.m in Sources */ = {isa = PBXBuildFile; fileRef = 00F51AD32407B3F70082A0C7 /* AppDelegate.m */; };
		00F51AD72407B3F70082A0C7 /* SceneDelegate.m in Sources */ = {isa = PBXBuildFile; fileRef = 00F51AD62407B3F70082A0C7 /* SceneDelegate.m */; };
		00F51ADA2407B3F70082A0C7 /* ViewController.m in Sources */ = {isa = PBXBuildFile; fileRef = 00F51AD92407B3F70082A0C7 /* ViewController.m */; };
		00F51ADD2407B3F70082A0C7 /* Main.storyboard in Resources */ = {isa = PBXBuildFile; fileRef = 00F51ADB2407B3F70082A0C7 /* Main.storyboard */; };
		00F51ADF2407B3FE0082A0C7 /* Assets.xcassets in Resources */ = {isa = PBXBuildFile; fileRef = 00F51ADE2407B3FE0082A0C7 /* Assets.xcassets */; };
		00F51AE22407B3FE0082A0C7 /* LaunchScreen.storyboard in Resources */ = {isa = PBXBuildFile; fileRef = 00F51AE02407B3FE0082A0C7 /* LaunchScreen.storyboard */; };
		00F51AE52407B3FE0082A0C7 /* main.m in Sources */ = {isa = PBXBuildFile; fileRef = 00F51AE42407B3FE0082A0C7 /* main.m */; };
		00F51AEF2407B3FF0082A0C7 /* DownLoadImgTestTests.m in Sources */ = {isa = PBXBuildFile; fileRef = 00F51AEE2407B3FF0082A0C7 /* DownLoadImgTestTests.m */; };
		00F51AFA2407B3FF0082A0C7 /* DownLoadImgTestUITests.m in Sources */ = {isa = PBXBuildFile; fileRef = 00F51AF92407B3FF0082A0C7 /* DownLoadImgTestUITests.m */; };
		00F51B0A2407BD230082A0C7 /* YXDownLoadCell.m in Sources */ = {isa = PBXBuildFile; fileRef = 00F51B082407BD230082A0C7 /* YXDownLoadCell.m */; };
		00F51B0B2407BD230082A0C7 /* YXDownLoadCell.xib in Resources */ = {isa = PBXBuildFile; fileRef = 00F51B092407BD230082A0C7 /* YXDownLoadCell.xib */; };
		00F51B0E2407BE3D0082A0C7 /* YXWriteValueView.m in Sources */ = {isa = PBXBuildFile; fileRef = 00F51B0D2407BE3D0082A0C7 /* YXWriteValueView.m */; };
		00F51B102407BE490082A0C7 /* YXWriteValueView.xib in Resources */ = {isa = PBXBuildFile; fileRef = 00F51B0F2407BE490082A0C7 /* YXWriteValueView.xib */; };
		00F51B9C2407EC0E0082A0C7 /* SDWebImageManager.m in Sources */ = {isa = PBXBuildFile; fileRef = 00F51B7C2407EC0E0082A0C7 /* SDWebImageManager.m */; };
		00F51B9D2407EC0E0082A0C7 /* SDWebImageDecoder.m in Sources */ = {isa = PBXBuildFile; fileRef = 00F51B7D2407EC0E0082A0C7 /* SDWebImageDecoder.m */; };
		00F51B9E2407EC0E0082A0C7 /* UIImageView+HighlightedWebCache.m in Sources */ = {isa = PBXBuildFile; fileRef = 00F51B7F2407EC0E0082A0C7 /* UIImageView+HighlightedWebCache.m */; };
		00F51B9F2407EC0E0082A0C7 /* SDWebImageDownloader.m in Sources */ = {isa = PBXBuildFile; fileRef = 00F51B822407EC0E0082A0C7 /* SDWebImageDownloader.m */; };
		00F51BA02407EC0E0082A0C7 /* UIImage+GIF.m in Sources */ = {isa = PBXBuildFile; fileRef = 00F51B832407EC0E0082A0C7 /* UIImage+GIF.m */; };
		00F51BA12407EC0E0082A0C7 /* UIImage+MultiFormat.m in Sources */ = {isa = PBXBuildFile; fileRef = 00F51B852407EC0E0082A0C7 /* UIImage+MultiFormat.m */; };
		00F51BA22407EC0E0082A0C7 /* SDWebImageCompat.m in Sources */ = {isa = PBXBuildFile; fileRef = 00F51B862407EC0E0082A0C7 /* SDWebImageCompat.m */; };
		00F51BA32407EC0E0082A0C7 /* SDWebImagePrefetcher.m in Sources */ = {isa = PBXBuildFile; fileRef = 00F51B872407EC0E0082A0C7 /* SDWebImagePrefetcher.m */; };
		00F51BA42407EC0E0082A0C7 /* SDImageCache.m in Sources */ = {isa = PBXBuildFile; fileRef = 00F51B8A2407EC0E0082A0C7 /* SDImageCache.m */; };
		00F51BA52407EC0E0082A0C7 /* SDWebImageDownloaderOperation.m in Sources */ = {isa = PBXBuildFile; fileRef = 00F51B8C2407EC0E0082A0C7 /* SDWebImageDownloaderOperation.m */; };
		00F51BA62407EC0E0082A0C7 /* NSData+ImageContentType.m in Sources */ = {isa = PBXBuildFile; fileRef = 00F51B8F2407EC0E0082A0C7 /* NSData+ImageContentType.m */; };
		00F51BA72407EC0E0082A0C7 /* UIImageView+WebCache.m in Sources */ = {isa = PBXBuildFile; fileRef = 00F51B902407EC0E0082A0C7 /* UIImageView+WebCache.m */; };
		00F51BA82407EC0E0082A0C7 /* NSImage+WebCache.m in Sources */ = {isa = PBXBuildFile; fileRef = 00F51B922407EC0E0082A0C7 /* NSImage+WebCache.m */; };
		00F51BA92407EC0E0082A0C7 /* SDImageCacheConfig.m in Sources */ = {isa = PBXBuildFile; fileRef = 00F51B942407EC0E0082A0C7 /* SDImageCacheConfig.m */; };
		00F51BAA2407EC0E0082A0C7 /* UIView+WebCacheOperation.m in Sources */ = {isa = PBXBuildFile; fileRef = 00F51B952407EC0E0082A0C7 /* UIView+WebCacheOperation.m */; };
		00F51BAB2407EC0E0082A0C7 /* UIView+WebCache.m in Sources */ = {isa = PBXBuildFile; fileRef = 00F51B962407EC0E0082A0C7 /* UIView+WebCache.m */; };
		00F51BAC2407EC0E0082A0C7 /* UIButton+WebCache.m in Sources */ = {isa = PBXBuildFile; fileRef = 00F51B9A2407EC0E0082A0C7 /* UIButton+WebCache.m */; };
		DD9058D162FA60E9EDD5986A /* libPods-DownLoadImgTest.a in Frameworks */ = {isa = PBXBuildFile; fileRef = 66B7FB5B36FD8A941E7DA7BB /* libPods-DownLoadImgTest.a */; };
/* End PBXBuildFile section */

/* Begin PBXContainerItemProxy section */
		00F51AEB2407B3FE0082A0C7 /* PBXContainerItemProxy */ = {
			isa = PBXContainerItemProxy;
			containerPortal = 00F51AC72407B3F70082A0C7 /* Project object */;
			proxyType = 1;
			remoteGlobalIDString = 00F51ACE2407B3F70082A0C7;
			remoteInfo = DownLoadImgTest;
		};
		00F51AF62407B3FF0082A0C7 /* PBXContainerItemProxy */ = {
			isa = PBXContainerItemProxy;
			containerPortal = 00F51AC72407B3F70082A0C7 /* Project object */;
			proxyType = 1;
			remoteGlobalIDString = 00F51ACE2407B3F70082A0C7;
			remoteInfo = DownLoadImgTest;
		};
/* End PBXContainerItemProxy section */

/* Begin PBXFileReference section */
		00F51ACF2407B3F70082A0C7 /* DownLoadImgTest.app */ = {isa = PBXFileReference; explicitFileType = wrapper.application; includeInIndex = 0; path = DownLoadImgTest.app; sourceTree = BUILT_PRODUCTS_DIR; };
		00F51AD22407B3F70082A0C7 /* AppDelegate.h */ = {isa = PBXFileReference; lastKnownFileType = sourcecode.c.h; path = AppDelegate.h; sourceTree = "<group>"; };
		00F51AD32407B3F70082A0C7 /* AppDelegate.m */ = {isa = PBXFileReference; lastKnownFileType = sourcecode.c.objc; path = AppDelegate.m; sourceTree = "<group>"; };
		00F51AD52407B3F70082A0C7 /* SceneDelegate.h */ = {isa = PBXFileReference; lastKnownFileType = sourcecode.c.h; path = SceneDelegate.h; sourceTree = "<group>"; };
		00F51AD62407B3F70082A0C7 /* SceneDelegate.m */ = {isa = PBXFileReference; lastKnownFileType = sourcecode.c.objc; path = SceneDelegate.m; sourceTree = "<group>"; };
		00F51AD82407B3F70082A0C7 /* ViewController.h */ = {isa = PBXFileReference; lastKnownFileType = sourcecode.c.h; path = ViewController.h; sourceTree = "<group>"; };
		00F51AD92407B3F70082A0C7 /* ViewController.m */ = {isa = PBXFileReference; lastKnownFileType = sourcecode.c.objc; path = ViewController.m; sourceTree = "<group>"; };
		00F51ADC2407B3F70082A0C7 /* Base */ = {isa = PBXFileReference; lastKnownFileType = file.storyboard; name = Base; path = Base.lproj/Main.storyboard; sourceTree = "<group>"; };
		00F51ADE2407B3FE0082A0C7 /* Assets.xcassets */ = {isa = PBXFileReference; lastKnownFileType = folder.assetcatalog; path = Assets.xcassets; sourceTree = "<group>"; };
		00F51AE12407B3FE0082A0C7 /* Base */ = {isa = PBXFileReference; lastKnownFileType = file.storyboard; name = Base; path = Base.lproj/LaunchScreen.storyboard; sourceTree = "<group>"; };
		00F51AE32407B3FE0082A0C7 /* Info.plist */ = {isa = PBXFileReference; lastKnownFileType = text.plist.xml; path = Info.plist; sourceTree = "<group>"; };
		00F51AE42407B3FE0082A0C7 /* main.m */ = {isa = PBXFileReference; lastKnownFileType = sourcecode.c.objc; path = main.m; sourceTree = "<group>"; };
		00F51AEA2407B3FE0082A0C7 /* DownLoadImgTestTests.xctest */ = {isa = PBXFileReference; explicitFileType = wrapper.cfbundle; includeInIndex = 0; path = DownLoadImgTestTests.xctest; sourceTree = BUILT_PRODUCTS_DIR; };
		00F51AEE2407B3FF0082A0C7 /* DownLoadImgTestTests.m */ = {isa = PBXFileReference; lastKnownFileType = sourcecode.c.objc; path = DownLoadImgTestTests.m; sourceTree = "<group>"; };
		00F51AF02407B3FF0082A0C7 /* Info.plist */ = {isa = PBXFileReference; lastKnownFileType = text.plist.xml; path = Info.plist; sourceTree = "<group>"; };
		00F51AF52407B3FF0082A0C7 /* DownLoadImgTestUITests.xctest */ = {isa = PBXFileReference; explicitFileType = wrapper.cfbundle; includeInIndex = 0; path = DownLoadImgTestUITests.xctest; sourceTree = BUILT_PRODUCTS_DIR; };
		00F51AF92407B3FF0082A0C7 /* DownLoadImgTestUITests.m */ = {isa = PBXFileReference; lastKnownFileType = sourcecode.c.objc; path = DownLoadImgTestUITests.m; sourceTree = "<group>"; };
		00F51AFB2407B3FF0082A0C7 /* Info.plist */ = {isa = PBXFileReference; lastKnownFileType = text.plist.xml; path = Info.plist; sourceTree = "<group>"; };
		00F51B072407BD230082A0C7 /* YXDownLoadCell.h */ = {isa = PBXFileReference; lastKnownFileType = sourcecode.c.h; path = YXDownLoadCell.h; sourceTree = "<group>"; };
		00F51B082407BD230082A0C7 /* YXDownLoadCell.m */ = {isa = PBXFileReference; lastKnownFileType = sourcecode.c.objc; path = YXDownLoadCell.m; sourceTree = "<group>"; };
		00F51B092407BD230082A0C7 /* YXDownLoadCell.xib */ = {isa = PBXFileReference; lastKnownFileType = file.xib; path = YXDownLoadCell.xib; sourceTree = "<group>"; };
		00F51B0C2407BE3D0082A0C7 /* YXWriteValueView.h */ = {isa = PBXFileReference; lastKnownFileType = sourcecode.c.h; path = YXWriteValueView.h; sourceTree = "<group>"; };
		00F51B0D2407BE3D0082A0C7 /* YXWriteValueView.m */ = {isa = PBXFileReference; lastKnownFileType = sourcecode.c.objc; path = YXWriteValueView.m; sourceTree = "<group>"; };
		00F51B0F2407BE490082A0C7 /* YXWriteValueView.xib */ = {isa = PBXFileReference; lastKnownFileType = file.xib; path = YXWriteValueView.xib; sourceTree = "<group>"; };
		00F51B792407EC0E0082A0C7 /* NSImage+WebCache.h */ = {isa = PBXFileReference; fileEncoding = 4; lastKnownFileType = sourcecode.c.h; path = "NSImage+WebCache.h"; sourceTree = "<group>"; };
		00F51B7A2407EC0E0082A0C7 /* UIImageView+WebCache.h */ = {isa = PBXFileReference; fileEncoding = 4; lastKnownFileType = sourcecode.c.h; path = "UIImageView+WebCache.h"; sourceTree = "<group>"; };
		00F51B7B2407EC0E0082A0C7 /* NSData+ImageContentType.h */ = {isa = PBXFileReference; fileEncoding = 4; lastKnownFileType = sourcecode.c.h; path = "NSData+ImageContentType.h"; sourceTree = "<group>"; };
		00F51B7C2407EC0E0082A0C7 /* SDWebImageManager.m */ = {isa = PBXFileReference; fileEncoding = 4; lastKnownFileType = sourcecode.c.objc; path = SDWebImageManager.m; sourceTree = "<group>"; };
		00F51B7D2407EC0E0082A0C7 /* SDWebImageDecoder.m */ = {isa = PBXFileReference; fileEncoding = 4; lastKnownFileType = sourcecode.c.objc; path = SDWebImageDecoder.m; sourceTree = "<group>"; };
		00F51B7E2407EC0E0082A0C7 /* SDWebImageDownloaderOperation.h */ = {isa = PBXFileReference; fileEncoding = 4; lastKnownFileType = sourcecode.c.h; path = SDWebImageDownloaderOperation.h; sourceTree = "<group>"; };
		00F51B7F2407EC0E0082A0C7 /* UIImageView+HighlightedWebCache.m */ = {isa = PBXFileReference; fileEncoding = 4; lastKnownFileType = sourcecode.c.objc; path = "UIImageView+HighlightedWebCache.m"; sourceTree = "<group>"; };
		00F51B802407EC0E0082A0C7 /* SDImageCache.h */ = {isa = PBXFileReference; fileEncoding = 4; lastKnownFileType = sourcecode.c.h; path = SDImageCache.h; sourceTree = "<group>"; };
		00F51B812407EC0E0082A0C7 /* SDImageCacheConfig.h */ = {isa = PBXFileReference; fileEncoding = 4; lastKnownFileType = sourcecode.c.h; path = SDImageCacheConfig.h; sourceTree = "<group>"; };
		00F51B822407EC0E0082A0C7 /* SDWebImageDownloader.m */ = {isa = PBXFileReference; fileEncoding = 4; lastKnownFileType = sourcecode.c.objc; path = SDWebImageDownloader.m; sourceTree = "<group>"; };
		00F51B832407EC0E0082A0C7 /* UIImage+GIF.m */ = {isa = PBXFileReference; fileEncoding = 4; lastKnownFileType = sourcecode.c.objc; path = "UIImage+GIF.m"; sourceTree = "<group>"; };
		00F51B842407EC0E0082A0C7 /* UIButton+WebCache.h */ = {isa = PBXFileReference; fileEncoding = 4; lastKnownFileType = sourcecode.c.h; path = "UIButton+WebCache.h"; sourceTree = "<group>"; };
		00F51B852407EC0E0082A0C7 /* UIImage+MultiFormat.m */ = {isa = PBXFileReference; fileEncoding = 4; lastKnownFileType = sourcecode.c.objc; path = "UIImage+MultiFormat.m"; sourceTree = "<group>"; };
		00F51B862407EC0E0082A0C7 /* SDWebImageCompat.m */ = {isa = PBXFileReference; fileEncoding = 4; lastKnownFileType = sourcecode.c.objc; path = SDWebImageCompat.m; sourceTree = "<group>"; };
		00F51B872407EC0E0082A0C7 /* SDWebImagePrefetcher.m */ = {isa = PBXFileReference; fileEncoding = 4; lastKnownFileType = sourcecode.c.objc; path = SDWebImagePrefetcher.m; sourceTree = "<group>"; };
		00F51B882407EC0E0082A0C7 /* UIView+WebCache.h */ = {isa = PBXFileReference; fileEncoding = 4; lastKnownFileType = sourcecode.c.h; path = "UIView+WebCache.h"; sourceTree = "<group>"; };
		00F51B892407EC0E0082A0C7 /* UIView+WebCacheOperation.h */ = {isa = PBXFileReference; fileEncoding = 4; lastKnownFileType = sourcecode.c.h; path = "UIView+WebCacheOperation.h"; sourceTree = "<group>"; };
		00F51B8A2407EC0E0082A0C7 /* SDImageCache.m */ = {isa = PBXFileReference; fileEncoding = 4; lastKnownFileType = sourcecode.c.objc; path = SDImageCache.m; sourceTree = "<group>"; };
		00F51B8B2407EC0E0082A0C7 /* UIImageView+HighlightedWebCache.h */ = {isa = PBXFileReference; fileEncoding = 4; lastKnownFileType = sourcecode.c.h; path = "UIImageView+HighlightedWebCache.h"; sourceTree = "<group>"; };
		00F51B8C2407EC0E0082A0C7 /* SDWebImageDownloaderOperation.m */ = {isa = PBXFileReference; fileEncoding = 4; lastKnownFileType = sourcecode.c.objc; path = SDWebImageDownloaderOperation.m; sourceTree = "<group>"; };
		00F51B8D2407EC0E0082A0C7 /* SDWebImageDecoder.h */ = {isa = PBXFileReference; fileEncoding = 4; lastKnownFileType = sourcecode.c.h; path = SDWebImageDecoder.h; sourceTree = "<group>"; };
		00F51B8E2407EC0E0082A0C7 /* SDWebImageManager.h */ = {isa = PBXFileReference; fileEncoding = 4; lastKnownFileType = sourcecode.c.h; path = SDWebImageManager.h; sourceTree = "<group>"; };
		00F51B8F2407EC0E0082A0C7 /* NSData+ImageContentType.m */ = {isa = PBXFileReference; fileEncoding = 4; lastKnownFileType = sourcecode.c.objc; path = "NSData+ImageContentType.m"; sourceTree = "<group>"; };
		00F51B902407EC0E0082A0C7 /* UIImageView+WebCache.m */ = {isa = PBXFileReference; fileEncoding = 4; lastKnownFileType = sourcecode.c.objc; path = "UIImageView+WebCache.m"; sourceTree = "<group>"; };
		00F51B912407EC0E0082A0C7 /* SDWebImageOperation.h */ = {isa = PBXFileReference; fileEncoding = 4; lastKnownFileType = sourcecode.c.h; path = SDWebImageOperation.h; sourceTree = "<group>"; };
		00F51B922407EC0E0082A0C7 /* NSImage+WebCache.m */ = {isa = PBXFileReference; fileEncoding = 4; lastKnownFileType = sourcecode.c.objc; path = "NSImage+WebCache.m"; sourceTree = "<group>"; };
		00F51B932407EC0E0082A0C7 /* SDWebImageDownloader.h */ = {isa = PBXFileReference; fileEncoding = 4; lastKnownFileType = sourcecode.c.h; path = SDWebImageDownloader.h; sourceTree = "<group>"; };
		00F51B942407EC0E0082A0C7 /* SDImageCacheConfig.m */ = {isa = PBXFileReference; fileEncoding = 4; lastKnownFileType = sourcecode.c.objc; path = SDImageCacheConfig.m; sourceTree = "<group>"; };
		00F51B952407EC0E0082A0C7 /* UIView+WebCacheOperation.m */ = {isa = PBXFileReference; fileEncoding = 4; lastKnownFileType = sourcecode.c.objc; path = "UIView+WebCacheOperation.m"; sourceTree = "<group>"; };
		00F51B962407EC0E0082A0C7 /* UIView+WebCache.m */ = {isa = PBXFileReference; fileEncoding = 4; lastKnownFileType = sourcecode.c.objc; path = "UIView+WebCache.m"; sourceTree = "<group>"; };
		00F51B972407EC0E0082A0C7 /* SDWebImagePrefetcher.h */ = {isa = PBXFileReference; fileEncoding = 4; lastKnownFileType = sourcecode.c.h; path = SDWebImagePrefetcher.h; sourceTree = "<group>"; };
		00F51B982407EC0E0082A0C7 /* SDWebImageCompat.h */ = {isa = PBXFileReference; fileEncoding = 4; lastKnownFileType = sourcecode.c.h; path = SDWebImageCompat.h; sourceTree = "<group>"; };
		00F51B992407EC0E0082A0C7 /* UIImage+MultiFormat.h */ = {isa = PBXFileReference; fileEncoding = 4; lastKnownFileType = sourcecode.c.h; path = "UIImage+MultiFormat.h"; sourceTree = "<group>"; };
		00F51B9A2407EC0E0082A0C7 /* UIButton+WebCache.m */ = {isa = PBXFileReference; fileEncoding = 4; lastKnownFileType = sourcecode.c.objc; path = "UIButton+WebCache.m"; sourceTree = "<group>"; };
		00F51B9B2407EC0E0082A0C7 /* UIImage+GIF.h */ = {isa = PBXFileReference; fileEncoding = 4; lastKnownFileType = sourcecode.c.h; path = "UIImage+GIF.h"; sourceTree = "<group>"; };
		66B7FB5B36FD8A941E7DA7BB /* libPods-DownLoadImgTest.a */ = {isa = PBXFileReference; explicitFileType = archive.ar; includeInIndex = 0; path = "libPods-DownLoadImgTest.a"; sourceTree = BUILT_PRODUCTS_DIR; };
		84FE11810C9FB6AB5A0F8483 /* Pods-DownLoadImgTest.release.xcconfig */ = {isa = PBXFileReference; includeInIndex = 1; lastKnownFileType = text.xcconfig; name = "Pods-DownLoadImgTest.release.xcconfig"; path = "Target Support Files/Pods-DownLoadImgTest/Pods-DownLoadImgTest.release.xcconfig"; sourceTree = "<group>"; };
		F4D38BD0055E5DD3D6A512CA /* Pods-DownLoadImgTest.debug.xcconfig */ = {isa = PBXFileReference; includeInIndex = 1; lastKnownFileType = text.xcconfig; name = "Pods-DownLoadImgTest.debug.xcconfig"; path = "Target Support Files/Pods-DownLoadImgTest/Pods-DownLoadImgTest.debug.xcconfig"; sourceTree = "<group>"; };
/* End PBXFileReference section */

/* Begin PBXFrameworksBuildPhase section */
		00F51ACC2407B3F70082A0C7 /* Frameworks */ = {
			isa = PBXFrameworksBuildPhase;
			buildActionMask = 2147483647;
			files = (
				DD9058D162FA60E9EDD5986A /* libPods-DownLoadImgTest.a in Frameworks */,
			);
			runOnlyForDeploymentPostprocessing = 0;
		};
		00F51AE72407B3FE0082A0C7 /* Frameworks */ = {
			isa = PBXFrameworksBuildPhase;
			buildActionMask = 2147483647;
			files = (
			);
			runOnlyForDeploymentPostprocessing = 0;
		};
		00F51AF22407B3FF0082A0C7 /* Frameworks */ = {
			isa = PBXFrameworksBuildPhase;
			buildActionMask = 2147483647;
			files = (
			);
			runOnlyForDeploymentPostprocessing = 0;
		};
/* End PBXFrameworksBuildPhase section */

/* Begin PBXGroup section */
		00F51AC62407B3F70082A0C7 = {
			isa = PBXGroup;
			children = (
				00F51AD12407B3F70082A0C7 /* DownLoadImgTest */,
				00F51AED2407B3FF0082A0C7 /* DownLoadImgTestTests */,
				00F51AF82407B3FF0082A0C7 /* DownLoadImgTestUITests */,
				00F51AD02407B3F70082A0C7 /* Products */,
				8CD122CA2DBB69041763B757 /* Pods */,
				A24DF915E81E9A464774CC11 /* Frameworks */,
			);
			sourceTree = "<group>";
		};
		00F51AD02407B3F70082A0C7 /* Products */ = {
			isa = PBXGroup;
			children = (
				00F51ACF2407B3F70082A0C7 /* DownLoadImgTest.app */,
				00F51AEA2407B3FE0082A0C7 /* DownLoadImgTestTests.xctest */,
				00F51AF52407B3FF0082A0C7 /* DownLoadImgTestUITests.xctest */,
			);
			name = Products;
			sourceTree = "<group>";
		};
		00F51AD12407B3F70082A0C7 /* DownLoadImgTest */ = {
			isa = PBXGroup;
			children = (
				00F51B782407EC0E0082A0C7 /* SDWebImage */,
				00F51AD22407B3F70082A0C7 /* AppDelegate.h */,
				00F51AD32407B3F70082A0C7 /* AppDelegate.m */,
				00F51AD52407B3F70082A0C7 /* SceneDelegate.h */,
				00F51AD62407B3F70082A0C7 /* SceneDelegate.m */,
				00F51AD82407B3F70082A0C7 /* ViewController.h */,
				00F51AD92407B3F70082A0C7 /* ViewController.m */,
				00F51B0C2407BE3D0082A0C7 /* YXWriteValueView.h */,
				00F51B0D2407BE3D0082A0C7 /* YXWriteValueView.m */,
				00F51B0F2407BE490082A0C7 /* YXWriteValueView.xib */,
				00F51B072407BD230082A0C7 /* YXDownLoadCell.h */,
				00F51B082407BD230082A0C7 /* YXDownLoadCell.m */,
				00F51B092407BD230082A0C7 /* YXDownLoadCell.xib */,
				00F51ADB2407B3F70082A0C7 /* Main.storyboard */,
				00F51ADE2407B3FE0082A0C7 /* Assets.xcassets */,
				00F51AE02407B3FE0082A0C7 /* LaunchScreen.storyboard */,
				00F51AE32407B3FE0082A0C7 /* Info.plist */,
				00F51AE42407B3FE0082A0C7 /* main.m */,
			);
			path = DownLoadImgTest;
			sourceTree = "<group>";
		};
		00F51AED2407B3FF0082A0C7 /* DownLoadImgTestTests */ = {
			isa = PBXGroup;
			children = (
				00F51AEE2407B3FF0082A0C7 /* DownLoadImgTestTests.m */,
				00F51AF02407B3FF0082A0C7 /* Info.plist */,
			);
			path = DownLoadImgTestTests;
			sourceTree = "<group>";
		};
		00F51AF82407B3FF0082A0C7 /* DownLoadImgTestUITests */ = {
			isa = PBXGroup;
			children = (
				00F51AF92407B3FF0082A0C7 /* DownLoadImgTestUITests.m */,
				00F51AFB2407B3FF0082A0C7 /* Info.plist */,
			);
			path = DownLoadImgTestUITests;
			sourceTree = "<group>";
		};
		00F51B782407EC0E0082A0C7 /* SDWebImage */ = {
			isa = PBXGroup;
			children = (
				00F51B792407EC0E0082A0C7 /* NSImage+WebCache.h */,
				00F51B7A2407EC0E0082A0C7 /* UIImageView+WebCache.h */,
				00F51B7B2407EC0E0082A0C7 /* NSData+ImageContentType.h */,
				00F51B7C2407EC0E0082A0C7 /* SDWebImageManager.m */,
				00F51B7D2407EC0E0082A0C7 /* SDWebImageDecoder.m */,
				00F51B7E2407EC0E0082A0C7 /* SDWebImageDownloaderOperation.h */,
				00F51B7F2407EC0E0082A0C7 /* UIImageView+HighlightedWebCache.m */,
				00F51B802407EC0E0082A0C7 /* SDImageCache.h */,
				00F51B812407EC0E0082A0C7 /* SDImageCacheConfig.h */,
				00F51B822407EC0E0082A0C7 /* SDWebImageDownloader.m */,
				00F51B832407EC0E0082A0C7 /* UIImage+GIF.m */,
				00F51B842407EC0E0082A0C7 /* UIButton+WebCache.h */,
				00F51B852407EC0E0082A0C7 /* UIImage+MultiFormat.m */,
				00F51B862407EC0E0082A0C7 /* SDWebImageCompat.m */,
				00F51B872407EC0E0082A0C7 /* SDWebImagePrefetcher.m */,
				00F51B882407EC0E0082A0C7 /* UIView+WebCache.h */,
				00F51B892407EC0E0082A0C7 /* UIView+WebCacheOperation.h */,
				00F51B8A2407EC0E0082A0C7 /* SDImageCache.m */,
				00F51B8B2407EC0E0082A0C7 /* UIImageView+HighlightedWebCache.h */,
				00F51B8C2407EC0E0082A0C7 /* SDWebImageDownloaderOperation.m */,
				00F51B8D2407EC0E0082A0C7 /* SDWebImageDecoder.h */,
				00F51B8E2407EC0E0082A0C7 /* SDWebImageManager.h */,
				00F51B8F2407EC0E0082A0C7 /* NSData+ImageContentType.m */,
				00F51B902407EC0E0082A0C7 /* UIImageView+WebCache.m */,
				00F51B912407EC0E0082A0C7 /* SDWebImageOperation.h */,
				00F51B922407EC0E0082A0C7 /* NSImage+WebCache.m */,
				00F51B932407EC0E0082A0C7 /* SDWebImageDownloader.h */,
				00F51B942407EC0E0082A0C7 /* SDImageCacheConfig.m */,
				00F51B952407EC0E0082A0C7 /* UIView+WebCacheOperation.m */,
				00F51B962407EC0E0082A0C7 /* UIView+WebCache.m */,
				00F51B972407EC0E0082A0C7 /* SDWebImagePrefetcher.h */,
				00F51B982407EC0E0082A0C7 /* SDWebImageCompat.h */,
				00F51B992407EC0E0082A0C7 /* UIImage+MultiFormat.h */,
				00F51B9A2407EC0E0082A0C7 /* UIButton+WebCache.m */,
				00F51B9B2407EC0E0082A0C7 /* UIImage+GIF.h */,
			);
			path = SDWebImage;
			sourceTree = "<group>";
		};
		8CD122CA2DBB69041763B757 /* Pods */ = {
			isa = PBXGroup;
			children = (
				F4D38BD0055E5DD3D6A512CA /* Pods-DownLoadImgTest.debug.xcconfig */,
				84FE11810C9FB6AB5A0F8483 /* Pods-DownLoadImgTest.release.xcconfig */,
			);
			name = Pods;
			path = Pods;
			sourceTree = "<group>";
		};
		A24DF915E81E9A464774CC11 /* Frameworks */ = {
			isa = PBXGroup;
			children = (
				66B7FB5B36FD8A941E7DA7BB /* libPods-DownLoadImgTest.a */,
			);
			name = Frameworks;
			sourceTree = "<group>";
		};
/* End PBXGroup section */

/* Begin PBXNativeTarget section */
		00F51ACE2407B3F70082A0C7 /* DownLoadImgTest */ = {
			isa = PBXNativeTarget;
			buildConfigurationList = 00F51AFE2407B3FF0082A0C7 /* Build configuration list for PBXNativeTarget "DownLoadImgTest" */;
			buildPhases = (
				2CA789481B9C9F22382BFF2E /* [CP] Check Pods Manifest.lock */,
				00F51ACB2407B3F70082A0C7 /* Sources */,
				00F51ACC2407B3F70082A0C7 /* Frameworks */,
				00F51ACD2407B3F70082A0C7 /* Resources */,
			);
			buildRules = (
			);
			dependencies = (
			);
			name = DownLoadImgTest;
			productName = DownLoadImgTest;
			productReference = 00F51ACF2407B3F70082A0C7 /* DownLoadImgTest.app */;
			productType = "com.apple.product-type.application";
		};
		00F51AE92407B3FE0082A0C7 /* DownLoadImgTestTests */ = {
			isa = PBXNativeTarget;
			buildConfigurationList = 00F51B012407B3FF0082A0C7 /* Build configuration list for PBXNativeTarget "DownLoadImgTestTests" */;
			buildPhases = (
				00F51AE62407B3FE0082A0C7 /* Sources */,
				00F51AE72407B3FE0082A0C7 /* Frameworks */,
				00F51AE82407B3FE0082A0C7 /* Resources */,
			);
			buildRules = (
			);
			dependencies = (
				00F51AEC2407B3FE0082A0C7 /* PBXTargetDependency */,
			);
			name = DownLoadImgTestTests;
			productName = DownLoadImgTestTests;
			productReference = 00F51AEA2407B3FE0082A0C7 /* DownLoadImgTestTests.xctest */;
			productType = "com.apple.product-type.bundle.unit-test";
		};
		00F51AF42407B3FF0082A0C7 /* DownLoadImgTestUITests */ = {
			isa = PBXNativeTarget;
			buildConfigurationList = 00F51B042407B3FF0082A0C7 /* Build configuration list for PBXNativeTarget "DownLoadImgTestUITests" */;
			buildPhases = (
				00F51AF12407B3FF0082A0C7 /* Sources */,
				00F51AF22407B3FF0082A0C7 /* Frameworks */,
				00F51AF32407B3FF0082A0C7 /* Resources */,
			);
			buildRules = (
			);
			dependencies = (
				00F51AF72407B3FF0082A0C7 /* PBXTargetDependency */,
			);
			name = DownLoadImgTestUITests;
			productName = DownLoadImgTestUITests;
			productReference = 00F51AF52407B3FF0082A0C7 /* DownLoadImgTestUITests.xctest */;
			productType = "com.apple.product-type.bundle.ui-testing";
		};
/* End PBXNativeTarget section */

/* Begin PBXProject section */
		00F51AC72407B3F70082A0C7 /* Project object */ = {
			isa = PBXProject;
			attributes = {
				LastUpgradeCheck = 1130;
				ORGANIZATIONNAME = "Believer Just";
				TargetAttributes = {
					00F51ACE2407B3F70082A0C7 = {
						CreatedOnToolsVersion = 11.3.1;
					};
					00F51AE92407B3FE0082A0C7 = {
						CreatedOnToolsVersion = 11.3.1;
						TestTargetID = 00F51ACE2407B3F70082A0C7;
					};
					00F51AF42407B3FF0082A0C7 = {
						CreatedOnToolsVersion = 11.3.1;
						TestTargetID = 00F51ACE2407B3F70082A0C7;
					};
				};
			};
			buildConfigurationList = 00F51ACA2407B3F70082A0C7 /* Build configuration list for PBXProject "DownLoadImgTest" */;
			compatibilityVersion = "Xcode 9.3";
			developmentRegion = en;
			hasScannedForEncodings = 0;
			knownRegions = (
				en,
				Base,
			);
			mainGroup = 00F51AC62407B3F70082A0C7;
			productRefGroup = 00F51AD02407B3F70082A0C7 /* Products */;
			projectDirPath = "";
			projectRoot = "";
			targets = (
				00F51ACE2407B3F70082A0C7 /* DownLoadImgTest */,
				00F51AE92407B3FE0082A0C7 /* DownLoadImgTestTests */,
				00F51AF42407B3FF0082A0C7 /* DownLoadImgTestUITests */,
			);
		};
/* End PBXProject section */

/* Begin PBXResourcesBuildPhase section */
		00F51ACD2407B3F70082A0C7 /* Resources */ = {
			isa = PBXResourcesBuildPhase;
			buildActionMask = 2147483647;
			files = (
				00F51B0B2407BD230082A0C7 /* YXDownLoadCell.xib in Resources */,
				00F51B102407BE490082A0C7 /* YXWriteValueView.xib in Resources */,
				00F51AE22407B3FE0082A0C7 /* LaunchScreen.storyboard in Resources */,
				00F51ADF2407B3FE0082A0C7 /* Assets.xcassets in Resources */,
				00F51ADD2407B3F70082A0C7 /* Main.storyboard in Resources */,
			);
			runOnlyForDeploymentPostprocessing = 0;
		};
		00F51AE82407B3FE0082A0C7 /* Resources */ = {
			isa = PBXResourcesBuildPhase;
			buildActionMask = 2147483647;
			files = (
			);
			runOnlyForDeploymentPostprocessing = 0;
		};
		00F51AF32407B3FF0082A0C7 /* Resources */ = {
			isa = PBXResourcesBuildPhase;
			buildActionMask = 2147483647;
			files = (
			);
			runOnlyForDeploymentPostprocessing = 0;
		};
/* End PBXResourcesBuildPhase section */

/* Begin PBXShellScriptBuildPhase section */
		2CA789481B9C9F22382BFF2E /* [CP] Check Pods Manifest.lock */ = {
			isa = PBXShellScriptBuildPhase;
			buildActionMask = 2147483647;
			files = (
			);
			inputFileListPaths = (
			);
			inputPaths = (
				"${PODS_PODFILE_DIR_PATH}/Podfile.lock",
				"${PODS_ROOT}/Manifest.lock",
			);
			name = "[CP] Check Pods Manifest.lock";
			outputFileListPaths = (
			);
			outputPaths = (
				"$(DERIVED_FILE_DIR)/Pods-DownLoadImgTest-checkManifestLockResult.txt",
			);
			runOnlyForDeploymentPostprocessing = 0;
			shellPath = /bin/sh;
			shellScript = "diff \"${PODS_PODFILE_DIR_PATH}/Podfile.lock\" \"${PODS_ROOT}/Manifest.lock\" > /dev/null\nif [ $? != 0 ] ; then\n    # print error to STDERR\n    echo \"error: The sandbox is not in sync with the Podfile.lock. Run 'pod install' or update your CocoaPods installation.\" >&2\n    exit 1\nfi\n# This output is used by Xcode 'outputs' to avoid re-running this script phase.\necho \"SUCCESS\" > \"${SCRIPT_OUTPUT_FILE_0}\"\n";
			showEnvVarsInLog = 0;
		};
/* End PBXShellScriptBuildPhase section */

/* Begin PBXSourcesBuildPhase section */
		00F51ACB2407B3F70082A0C7 /* Sources */ = {
			isa = PBXSourcesBuildPhase;
			buildActionMask = 2147483647;
			files = (
				00F51BAB2407EC0E0082A0C7 /* UIView+WebCache.m in Sources */,
				00F51BA02407EC0E0082A0C7 /* UIImage+GIF.m in Sources */,
				00F51BA32407EC0E0082A0C7 /* SDWebImagePrefetcher.m in Sources */,
				00F51BA52407EC0E0082A0C7 /* SDWebImageDownloaderOperation.m in Sources */,
				00F51B9E2407EC0E0082A0C7 /* UIImageView+HighlightedWebCache.m in Sources */,
				00F51B0A2407BD230082A0C7 /* YXDownLoadCell.m in Sources */,
				00F51BA42407EC0E0082A0C7 /* SDImageCache.m in Sources */,
				00F51B9C2407EC0E0082A0C7 /* SDWebImageManager.m in Sources */,
				00F51BA22407EC0E0082A0C7 /* SDWebImageCompat.m in Sources */,
				00F51BA12407EC0E0082A0C7 /* UIImage+MultiFormat.m in Sources */,
				00F51BA62407EC0E0082A0C7 /* NSData+ImageContentType.m in Sources */,
				00F51BAA2407EC0E0082A0C7 /* UIView+WebCacheOperation.m in Sources */,
				00F51ADA2407B3F70082A0C7 /* ViewController.m in Sources */,
				00F51B9F2407EC0E0082A0C7 /* SDWebImageDownloader.m in Sources */,
				00F51BA82407EC0E0082A0C7 /* NSImage+WebCache.m in Sources */,
				00F51AD42407B3F70082A0C7 /* AppDelegate.m in Sources */,
				00F51B9D2407EC0E0082A0C7 /* SDWebImageDecoder.m in Sources */,
				00F51BA92407EC0E0082A0C7 /* SDImageCacheConfig.m in Sources */,
				00F51BA72407EC0E0082A0C7 /* UIImageView+WebCache.m in Sources */,
				00F51B0E2407BE3D0082A0C7 /* YXWriteValueView.m in Sources */,
				00F51BAC2407EC0E0082A0C7 /* UIButton+WebCache.m in Sources */,
				00F51AE52407B3FE0082A0C7 /* main.m in Sources */,
				00F51AD72407B3F70082A0C7 /* SceneDelegate.m in Sources */,
			);
			runOnlyForDeploymentPostprocessing = 0;
		};
		00F51AE62407B3FE0082A0C7 /* Sources */ = {
			isa = PBXSourcesBuildPhase;
			buildActionMask = 2147483647;
			files = (
				00F51AEF2407B3FF0082A0C7 /* DownLoadImgTestTests.m in Sources */,
			);
			runOnlyForDeploymentPostprocessing = 0;
		};
		00F51AF12407B3FF0082A0C7 /* Sources */ = {
			isa = PBXSourcesBuildPhase;
			buildActionMask = 2147483647;
			files = (
				00F51AFA2407B3FF0082A0C7 /* DownLoadImgTestUITests.m in Sources */,
			);
			runOnlyForDeploymentPostprocessing = 0;
		};
/* End PBXSourcesBuildPhase section */

/* Begin PBXTargetDependency section */
		00F51AEC2407B3FE0082A0C7 /* PBXTargetDependency */ = {
			isa = PBXTargetDependency;
			target = 00F51ACE2407B3F70082A0C7 /* DownLoadImgTest */;
			targetProxy = 00F51AEB2407B3FE0082A0C7 /* PBXContainerItemProxy */;
		};
		00F51AF72407B3FF0082A0C7 /* PBXTargetDependency */ = {
			isa = PBXTargetDependency;
			target = 00F51ACE2407B3F70082A0C7 /* DownLoadImgTest */;
			targetProxy = 00F51AF62407B3FF0082A0C7 /* PBXContainerItemProxy */;
		};
/* End PBXTargetDependency section */

/* Begin PBXVariantGroup section */
		00F51ADB2407B3F70082A0C7 /* Main.storyboard */ = {
			isa = PBXVariantGroup;
			children = (
				00F51ADC2407B3F70082A0C7 /* Base */,
			);
			name = Main.storyboard;
			sourceTree = "<group>";
		};
		00F51AE02407B3FE0082A0C7 /* LaunchScreen.storyboard */ = {
			isa = PBXVariantGroup;
			children = (
				00F51AE12407B3FE0082A0C7 /* Base */,
			);
			name = LaunchScreen.storyboard;
			sourceTree = "<group>";
		};
/* End PBXVariantGroup section */

/* Begin XCBuildConfiguration section */
		00F51AFC2407B3FF0082A0C7 /* Debug */ = {
			isa = XCBuildConfiguration;
			buildSettings = {
				ALWAYS_SEARCH_USER_PATHS = NO;
				CLANG_ANALYZER_NONNULL = YES;
				CLANG_ANALYZER_NUMBER_OBJECT_CONVERSION = YES_AGGRESSIVE;
				CLANG_CXX_LANGUAGE_STANDARD = "gnu++14";
				CLANG_CXX_LIBRARY = "libc++";
				CLANG_ENABLE_MODULES = YES;
				CLANG_ENABLE_OBJC_ARC = YES;
				CLANG_ENABLE_OBJC_WEAK = YES;
				CLANG_WARN_BLOCK_CAPTURE_AUTORELEASING = YES;
				CLANG_WARN_BOOL_CONVERSION = YES;
				CLANG_WARN_COMMA = YES;
				CLANG_WARN_CONSTANT_CONVERSION = YES;
				CLANG_WARN_DEPRECATED_OBJC_IMPLEMENTATIONS = YES;
				CLANG_WARN_DIRECT_OBJC_ISA_USAGE = YES_ERROR;
				CLANG_WARN_DOCUMENTATION_COMMENTS = YES;
				CLANG_WARN_EMPTY_BODY = YES;
				CLANG_WARN_ENUM_CONVERSION = YES;
				CLANG_WARN_INFINITE_RECURSION = YES;
				CLANG_WARN_INT_CONVERSION = YES;
				CLANG_WARN_NON_LITERAL_NULL_CONVERSION = YES;
				CLANG_WARN_OBJC_IMPLICIT_RETAIN_SELF = YES;
				CLANG_WARN_OBJC_LITERAL_CONVERSION = YES;
				CLANG_WARN_OBJC_ROOT_CLASS = YES_ERROR;
				CLANG_WARN_RANGE_LOOP_ANALYSIS = YES;
				CLANG_WARN_STRICT_PROTOTYPES = YES;
				CLANG_WARN_SUSPICIOUS_MOVE = YES;
				CLANG_WARN_UNGUARDED_AVAILABILITY = YES_AGGRESSIVE;
				CLANG_WARN_UNREACHABLE_CODE = YES;
				CLANG_WARN__DUPLICATE_METHOD_MATCH = YES;
				COPY_PHASE_STRIP = NO;
				DEBUG_INFORMATION_FORMAT = dwarf;
				ENABLE_STRICT_OBJC_MSGSEND = YES;
				ENABLE_TESTABILITY = YES;
				GCC_C_LANGUAGE_STANDARD = gnu11;
				GCC_DYNAMIC_NO_PIC = NO;
				GCC_NO_COMMON_BLOCKS = YES;
				GCC_OPTIMIZATION_LEVEL = 0;
				GCC_PREPROCESSOR_DEFINITIONS = (
					"DEBUG=1",
					"$(inherited)",
				);
				GCC_WARN_64_TO_32_BIT_CONVERSION = YES;
				GCC_WARN_ABOUT_RETURN_TYPE = YES_ERROR;
				GCC_WARN_UNDECLARED_SELECTOR = YES;
				GCC_WARN_UNINITIALIZED_AUTOS = YES_AGGRESSIVE;
				GCC_WARN_UNUSED_FUNCTION = YES;
				GCC_WARN_UNUSED_VARIABLE = YES;
				IPHONEOS_DEPLOYMENT_TARGET = 9.0;
				MTL_ENABLE_DEBUG_INFO = INCLUDE_SOURCE;
				MTL_FAST_MATH = YES;
				ONLY_ACTIVE_ARCH = YES;
				SDKROOT = iphoneos;
			};
			name = Debug;
		};
		00F51AFD2407B3FF0082A0C7 /* Release */ = {
			isa = XCBuildConfiguration;
			buildSettings = {
				ALWAYS_SEARCH_USER_PATHS = NO;
				CLANG_ANALYZER_NONNULL = YES;
				CLANG_ANALYZER_NUMBER_OBJECT_CONVERSION = YES_AGGRESSIVE;
				CLANG_CXX_LANGUAGE_STANDARD = "gnu++14";
				CLANG_CXX_LIBRARY = "libc++";
				CLANG_ENABLE_MODULES = YES;
				CLANG_ENABLE_OBJC_ARC = YES;
				CLANG_ENABLE_OBJC_WEAK = YES;
				CLANG_WARN_BLOCK_CAPTURE_AUTORELEASING = YES;
				CLANG_WARN_BOOL_CONVERSION = YES;
				CLANG_WARN_COMMA = YES;
				CLANG_WARN_CONSTANT_CONVERSION = YES;
				CLANG_WARN_DEPRECATED_OBJC_IMPLEMENTATIONS = YES;
				CLANG_WARN_DIRECT_OBJC_ISA_USAGE = YES_ERROR;
				CLANG_WARN_DOCUMENTATION_COMMENTS = YES;
				CLANG_WARN_EMPTY_BODY = YES;
				CLANG_WARN_ENUM_CONVERSION = YES;
				CLANG_WARN_INFINITE_RECURSION = YES;
				CLANG_WARN_INT_CONVERSION = YES;
				CLANG_WARN_NON_LITERAL_NULL_CONVERSION = YES;
				CLANG_WARN_OBJC_IMPLICIT_RETAIN_SELF = YES;
				CLANG_WARN_OBJC_LITERAL_CONVERSION = YES;
				CLANG_WARN_OBJC_ROOT_CLASS = YES_ERROR;
				CLANG_WARN_RANGE_LOOP_ANALYSIS = YES;
				CLANG_WARN_STRICT_PROTOTYPES = YES;
				CLANG_WARN_SUSPICIOUS_MOVE = YES;
				CLANG_WARN_UNGUARDED_AVAILABILITY = YES_AGGRESSIVE;
				CLANG_WARN_UNREACHABLE_CODE = YES;
				CLANG_WARN__DUPLICATE_METHOD_MATCH = YES;
				COPY_PHASE_STRIP = NO;
				DEBUG_INFORMATION_FORMAT = "dwarf-with-dsym";
				ENABLE_NS_ASSERTIONS = NO;
				ENABLE_STRICT_OBJC_MSGSEND = YES;
				GCC_C_LANGUAGE_STANDARD = gnu11;
				GCC_NO_COMMON_BLOCKS = YES;
				GCC_WARN_64_TO_32_BIT_CONVERSION = YES;
				GCC_WARN_ABOUT_RETURN_TYPE = YES_ERROR;
				GCC_WARN_UNDECLARED_SELECTOR = YES;
				GCC_WARN_UNINITIALIZED_AUTOS = YES_AGGRESSIVE;
				GCC_WARN_UNUSED_FUNCTION = YES;
				GCC_WARN_UNUSED_VARIABLE = YES;
				IPHONEOS_DEPLOYMENT_TARGET = 9.0;
				MTL_ENABLE_DEBUG_INFO = NO;
				MTL_FAST_MATH = YES;
				SDKROOT = iphoneos;
				VALIDATE_PRODUCT = YES;
			};
			name = Release;
		};
		00F51AFF2407B3FF0082A0C7 /* Debug */ = {
			isa = XCBuildConfiguration;
			baseConfigurationReference = F4D38BD0055E5DD3D6A512CA /* Pods-DownLoadImgTest.debug.xcconfig */;
			buildSettings = {
				ASSETCATALOG_COMPILER_APPICON_NAME = AppIcon;
				CODE_SIGN_STYLE = Automatic;
				INFOPLIST_FILE = DownLoadImgTest/Info.plist;
				IPHONEOS_DEPLOYMENT_TARGET = 9.0;
				LD_RUNPATH_SEARCH_PATHS = (
					"$(inherited)",
					"@executable_path/Frameworks",
				);
				PRODUCT_BUNDLE_IDENTIFIER = com.yhx.DownLoadImgTest;
				PRODUCT_NAME = "$(TARGET_NAME)";
				TARGETED_DEVICE_FAMILY = "1,2";
			};
			name = Debug;
		};
		00F51B002407B3FF0082A0C7 /* Release */ = {
			isa = XCBuildConfiguration;
			baseConfigurationReference = 84FE11810C9FB6AB5A0F8483 /* Pods-DownLoadImgTest.release.xcconfig */;
			buildSettings = {
				ASSETCATALOG_COMPILER_APPICON_NAME = AppIcon;
				CODE_SIGN_STYLE = Automatic;
				INFOPLIST_FILE = DownLoadImgTest/Info.plist;
				IPHONEOS_DEPLOYMENT_TARGET = 9.0;
				LD_RUNPATH_SEARCH_PATHS = (
					"$(inherited)",
					"@executable_path/Frameworks",
				);
				PRODUCT_BUNDLE_IDENTIFIER = com.yhx.DownLoadImgTest;
				PRODUCT_NAME = "$(TARGET_NAME)";
				TARGETED_DEVICE_FAMILY = "1,2";
			};
			name = Release;
		};
		00F51B022407B3FF0082A0C7 /* Debug */ = {
			isa = XCBuildConfiguration;
			buildSettings = {
				BUNDLE_LOADER = "$(TEST_HOST)";
				CODE_SIGN_STYLE = Automatic;
				INFOPLIST_FILE = DownLoadImgTestTests/Info.plist;
				IPHONEOS_DEPLOYMENT_TARGET = 13.2;
				LD_RUNPATH_SEARCH_PATHS = (
					"$(inherited)",
					"@executable_path/Frameworks",
					"@loader_path/Frameworks",
				);
				PRODUCT_BUNDLE_IDENTIFIER = com.yhx.DownLoadImgTestTests;
				PRODUCT_NAME = "$(TARGET_NAME)";
				TARGETED_DEVICE_FAMILY = "1,2";
				TEST_HOST = "$(BUILT_PRODUCTS_DIR)/DownLoadImgTest.app/DownLoadImgTest";
			};
			name = Debug;
		};
		00F51B032407B3FF0082A0C7 /* Release */ = {
			isa = XCBuildConfiguration;
			buildSettings = {
				BUNDLE_LOADER = "$(TEST_HOST)";
				CODE_SIGN_STYLE = Automatic;
				INFOPLIST_FILE = DownLoadImgTestTests/Info.plist;
				IPHONEOS_DEPLOYMENT_TARGET = 13.2;
				LD_RUNPATH_SEARCH_PATHS = (
					"$(inherited)",
					"@executable_path/Frameworks",
					"@loader_path/Frameworks",
				);
				PRODUCT_BUNDLE_IDENTIFIER = com.yhx.DownLoadImgTestTests;
				PRODUCT_NAME = "$(TARGET_NAME)";
				TARGETED_DEVICE_FAMILY = "1,2";
				TEST_HOST = "$(BUILT_PRODUCTS_DIR)/DownLoadImgTest.app/DownLoadImgTest";
			};
			name = Release;
		};
		00F51B052407B3FF0082A0C7 /* Debug */ = {
			isa = XCBuildConfiguration;
			buildSettings = {
				CODE_SIGN_STYLE = Automatic;
				INFOPLIST_FILE = DownLoadImgTestUITests/Info.plist;
				LD_RUNPATH_SEARCH_PATHS = (
					"$(inherited)",
					"@executable_path/Frameworks",
					"@loader_path/Frameworks",
				);
				PRODUCT_BUNDLE_IDENTIFIER = com.yhx.DownLoadImgTestUITests;
				PRODUCT_NAME = "$(TARGET_NAME)";
				TARGETED_DEVICE_FAMILY = "1,2";
				TEST_TARGET_NAME = DownLoadImgTest;
			};
			name = Debug;
		};
		00F51B062407B3FF0082A0C7 /* Release */ = {
			isa = XCBuildConfiguration;
			buildSettings = {
				CODE_SIGN_STYLE = Automatic;
				INFOPLIST_FILE = DownLoadImgTestUITests/Info.plist;
				LD_RUNPATH_SEARCH_PATHS = (
					"$(inherited)",
					"@executable_path/Frameworks",
					"@loader_path/Frameworks",
				);
				PRODUCT_BUNDLE_IDENTIFIER = com.yhx.DownLoadImgTestUITests;
				PRODUCT_NAME = "$(TARGET_NAME)";
				TARGETED_DEVICE_FAMILY = "1,2";
				TEST_TARGET_NAME = DownLoadImgTest;
			};
			name = Release;
		};
/* End XCBuildConfiguration section */

/* Begin XCConfigurationList section */
		00F51ACA2407B3F70082A0C7 /* Build configuration list for PBXProject "DownLoadImgTest" */ = {
			isa = XCConfigurationList;
			buildConfigurations = (
				00F51AFC2407B3FF0082A0C7 /* Debug */,
				00F51AFD2407B3FF0082A0C7 /* Release */,
			);
			defaultConfigurationIsVisible = 0;
			defaultConfigurationName = Release;
		};
		00F51AFE2407B3FF0082A0C7 /* Build configuration list for PBXNativeTarget "DownLoadImgTest" */ = {
			isa = XCConfigurationList;
			buildConfigurations = (
				00F51AFF2407B3FF0082A0C7 /* Debug */,
				00F51B002407B3FF0082A0C7 /* Release */,
			);
			defaultConfigurationIsVisible = 0;
			defaultConfigurationName = Release;
		};
		00F51B012407B3FF0082A0C7 /* Build configuration list for PBXNativeTarget "DownLoadImgTestTests" */ = {
			isa = XCConfigurationList;
			buildConfigurations = (
				00F51B022407B3FF0082A0C7 /* Debug */,
				00F51B032407B3FF0082A0C7 /* Release */,
			);
			defaultConfigurationIsVisible = 0;
			defaultConfigurationName = Release;
		};
		00F51B042407B3FF0082A0C7 /* Build configuration list for PBXNativeTarget "DownLoadImgTestUITests" */ = {
			isa = XCConfigurationList;
			buildConfigurations = (
				00F51B052407B3FF0082A0C7 /* Debug */,
				00F51B062407B3FF0082A0C7 /* Release */,
			);
			defaultConfigurationIsVisible = 0;
			defaultConfigurationName = Release;
		};
/* End XCConfigurationList section */
	};
	rootObject = 00F51AC72407B3F70082A0C7 /* Project object */;
}
